
Microsoft Visual Studio Solution File, Format Version 11.00
# Visual Studio 2010
Project("{FAE04EC0-301F-11D3-BF4B-00C04F79EFBC}") = "Synoptic", "Synoptic\Synoptic.csproj", "{9B88A638-99DE-4A8C-80DD-6434812E27B7}"
EndProject
Project("{FAE04EC0-301F-11D3-BF4B-00C04F79EFBC}") = "Synoptic.Tests", "Synoptic.Tests\Synoptic.Tests.csproj", "{7AD1859A-8B31-443A-BCA2-C9B3556C623B}"
EndProject
Project("{FAE04EC0-301F-11D3-BF4B-00C04F79EFBC}") = "Synoptic.Demo", "Synoptic.Demo\Synoptic.Demo.csproj", "{75502C50-8BEA-4A52-800E-B9AF56C785E9}"
EndProject
Project("{FAE04EC0-301F-11D3-BF4B-00C04F79EFBC}") = "Synoptic.Service", "Synoptic.Service\Synoptic.Service.csproj", "{EFE2EC15-61CC-4426-901C-D8C948965F92}"
EndProject
Project("{FAE04EC0-301F-11D3-BF4B-00C04F79EFBC}") = "Synoptic.Service.Demo", "Synoptic.Service.Demo\Synoptic.Service.Demo.csproj", "{3B2613AD-8D26-4804-A64C-FA043DBC77DC}"
EndProject
Project("{FAE04EC0-301F-11D3-BF4B-00C04F79EFBC}") = "Synoptic.Demo2", "Synoptic.Demo2\Synoptic.Demo2.csproj", "{415EE382-DCD9-41D2-92AE-760772636244}"
EndProject
Global
	GlobalSection(SolutionConfigurationPlatforms) = preSolution
		Debug|Any CPU = Debug|Any CPU
		Debug|Mixed Platforms = Debug|Mixed Platforms
		Debug|x86 = Debug|x86
		Release|Any CPU = Release|Any CPU
		Release|Mixed Platforms = Release|Mixed Platforms
		Release|x86 = Release|x86
	EndGlobalSection
	GlobalSection(ProjectConfigurationPlatforms) = postSolution
		{9B88A638-99DE-4A8C-80DD-6434812E27B7}.Debug|Any CPU.ActiveCfg = Debug|Any CPU
		{9B88A638-99DE-4A8C-80DD-6434812E27B7}.Debug|Any CPU.Build.0 = Debug|Any CPU
		{9B88A638-99DE-4A8C-80DD-6434812E27B7}.Debug|Mixed Platforms.ActiveCfg = Debug|Any CPU
		{9B88A638-99DE-4A8C-80DD-6434812E27B7}.Debug|Mixed Platforms.Build.0 = Debug|Any CPU
		{9B88A638-99DE-4A8C-80DD-6434812E27B7}.Debug|x86.ActiveCfg = Debug|Any CPU
		{9B88A638-99DE-4A8C-80DD-6434812E27B7}.Release|Any CPU.ActiveCfg = Release|Any CPU
		{9B88A638-99DE-4A8C-80DD-6434812E27B7}.Release|Any CPU.Build.0 = Release|Any CPU
		{9B88A638-99DE-4A8C-80DD-6434812E27B7}.Release|Mixed Platforms.ActiveCfg = Release|Any CPU
		{9B88A638-99DE-4A8C-80DD-6434812E27B7}.Release|Mixed Platforms.Build.0 = Release|Any CPU
		{9B88A638-99DE-4A8C-80DD-6434812E27B7}.Release|x86.ActiveCfg = Release|Any CPU
		{7AD1859A-8B31-443A-BCA2-C9B3556C623B}.Debug|Any CPU.ActiveCfg = Debug|Any CPU
		{7AD1859A-8B31-443A-BCA2-C9B3556C623B}.Debug|Any CPU.Build.0 = Debug|Any CPU
		{7AD1859A-8B31-443A-BCA2-C9B3556C623B}.Debug|Mixed Platforms.ActiveCfg = Debug|Any CPU
		{7AD1859A-8B31-443A-BCA2-C9B3556C623B}.Debug|Mixed Platforms.Build.0 = Debug|Any CPU
		{7AD1859A-8B31-443A-BCA2-C9B3556C623B}.Debug|x86.ActiveCfg = Debug|Any CPU
		{7AD1859A-8B31-443A-BCA2-C9B3556C623B}.Release|Any CPU.ActiveCfg = Release|Any CPU
		{7AD1859A-8B31-443A-BCA2-C9B3556C623B}.Release|Any CPU.Build.0 = Release|Any CPU
		{7AD1859A-8B31-443A-BCA2-C9B3556C623B}.Release|Mixed Platforms.ActiveCfg = Release|Any CPU
		{7AD1859A-8B31-443A-BCA2-C9B3556C623B}.Release|Mixed Platforms.Build.0 = Release|Any CPU
		{7AD1859A-8B31-443A-BCA2-C9B3556C623B}.Release|x86.ActiveCfg = Release|Any CPU
		{75502C50-8BEA-4A52-800E-B9AF56C785E9}.Debug|Any CPU.ActiveCfg = Debug|Any CPU
		{75502C50-8BEA-4A52-800E-B9AF56C785E9}.Debug|Any CPU.Build.0 = Debug|Any CPU
		{75502C50-8BEA-4A52-800E-B9AF56C785E9}.Debug|Mixed Platforms.ActiveCfg = Debug|Any CPU
		{75502C50-8BEA-4A52-800E-B9AF56C785E9}.Debug|Mixed Platforms.Build.0 = Debug|Any CPU
		{75502C50-8BEA-4A52-800E-B9AF56C785E9}.Debug|x86.ActiveCfg = Debug|Any CPU
		{75502C50-8BEA-4A52-800E-B9AF56C785E9}.Release|Any CPU.ActiveCfg = Release|Any CPU
		{75502C50-8BEA-4A52-800E-B9AF56C785E9}.Release|Any CPU.Build.0 = Release|Any CPU
		{75502C50-8BEA-4A52-800E-B9AF56C785E9}.Release|Mixed Platforms.ActiveCfg = Release|Any CPU
		{75502C50-8BEA-4A52-800E-B9AF56C785E9}.Release|Mixed Platforms.Build.0 = Release|Any CPU
		{75502C50-8BEA-4A52-800E-B9AF56C785E9}.Release|x86.ActiveCfg = Release|Any CPU
		{EFE2EC15-61CC-4426-901C-D8C948965F92}.Debug|Any CPU.ActiveCfg = Debug|Any CPU
		{EFE2EC15-61CC-4426-901C-D8C948965F92}.Debug|Any CPU.Build.0 = Debug|Any CPU
		{EFE2EC15-61CC-4426-901C-D8C948965F92}.Debug|Mixed Platforms.ActiveCfg = Debug|Any CPU
		{EFE2EC15-61CC-4426-901C-D8C948965F92}.Debug|Mixed Platforms.Build.0 = Debug|Any CPU
		{EFE2EC15-61CC-4426-901C-D8C948965F92}.Debug|x86.ActiveCfg = Debug|Any CPU
		{EFE2EC15-61CC-4426-901C-D8C948965F92}.Release|Any CPU.ActiveCfg = Release|Any CPU
		{EFE2EC15-61CC-4426-901C-D8C948965F92}.Release|Any CPU.Build.0 = Release|Any CPU
		{EFE2EC15-61CC-4426-901C-D8C948965F92}.Release|Mixed Platforms.ActiveCfg = Release|Any CPU
		{EFE2EC15-61CC-4426-901C-D8C948965F92}.Release|Mixed Platforms.Build.0 = Release|Any CPU
		{EFE2EC15-61CC-4426-901C-D8C948965F92}.Release|x86.ActiveCfg = Release|Any CPU
		{3B2613AD-8D26-4804-A64C-FA043DBC77DC}.Debug|Any CPU.ActiveCfg = Debug|Any CPU
		{3B2613AD-8D26-4804-A64C-FA043DBC77DC}.Debug|Any CPU.Build.0 = Debug|Any CPU
		{3B2613AD-8D26-4804-A64C-FA043DBC77DC}.Debug|Mixed Platforms.ActiveCfg = Debug|Any CPU
		{3B2613AD-8D26-4804-A64C-FA043DBC77DC}.Debug|Mixed Platforms.Build.0 = Debug|Any CPU
		{3B2613AD-8D26-4804-A64C-FA043DBC77DC}.Debug|x86.ActiveCfg = Debug|Any CPU
		{3B2613AD-8D26-4804-A64C-FA043DBC77DC}.Release|Any CPU.ActiveCfg = Release|Any CPU
		{3B2613AD-8D26-4804-A64C-FA043DBC77DC}.Release|Any CPU.Build.0 = Release|Any CPU
		{3B2613AD-8D26-4804-A64C-FA043DBC77DC}.Release|Mixed Platforms.ActiveCfg = Release|Any CPU
		{3B2613AD-8D26-4804-A64C-FA043DBC77DC}.Release|Mixed Platforms.Build.0 = Release|Any CPU
		{3B2613AD-8D26-4804-A64C-FA043DBC77DC}.Release|x86.ActiveCfg = Release|Any CPU
		{415EE382-DCD9-41D2-92AE-760772636244}.Debug|Any CPU.ActiveCfg = Debug|x86
		{415EE382-DCD9-41D2-92AE-760772636244}.Debug|Mixed Platforms.ActiveCfg = Debug|x86
		{415EE382-DCD9-41D2-92AE-760772636244}.Debug|Mixed Platforms.Build.0 = Debug|x86
		{415EE382-DCD9-41D2-92AE-760772636244}.Debug|x86.ActiveCfg = Debug|x86
		{415EE382-DCD9-41D2-92AE-760772636244}.Debug|x86.Build.0 = Debug|x86
		{415EE382-DCD9-41D2-92AE-760772636244}.Release|Any CPU.ActiveCfg = Release|x86
		{415EE382-DCD9-41D2-92AE-760772636244}.Release|Mixed Platforms.ActiveCfg = Release|x86
		{415EE382-DCD9-41D2-92AE-760772636244}.Release|Mixed Platforms.Build.0 = Release|x86
		{415EE382-DCD9-41D2-92AE-760772636244}.Release|x86.ActiveCfg = Release|x86
		{415EE382-DCD9-41D2-92AE-760772636244}.Release|x86.Build.0 = Release|x86
	EndGlobalSection
	GlobalSection(SolutionProperties) = preSolution
		HideSolutionNode = FALSE
	EndGlobalSection
EndGlobal
